
Microsoft Visual Studio Solution File, Format Version 12.00
# Visual Studio Version 17
VisualStudioVersion = 17.2.32526.322
MinimumVisualStudioVersion = 10.0.40219.1
Project("{FAE04EC0-301F-11D3-BF4B-00C04F79EFBC}") = "APEAM.Web", "APEAM\APEAM.Web.csproj", "{2458BAC4-270A-4253-B901-F6CE9F8D7F5E}"
EndProject
Project("{FAE04EC0-301F-11D3-BF4B-00C04F79EFBC}") = "APEAM.Entities", "APEAM.Entities\APEAM.Entities.csproj", "{1DF95E9B-A61C-4FD8-A6CA-4587925CA62D}"
EndProject
Project("{FAE04EC0-301F-11D3-BF4B-00C04F79EFBC}") = "APEAM.DataAccess", "APEAM.DataAccess\APEAM.DataAccess.csproj", "{AF337072-6DF1-44CD-B4C5-96E85317D229}"
EndProject
Project("{FAE04EC0-301F-11D3-BF4B-00C04F79EFBC}") = "APEAM.Logic", "APEAM.Logic\APEAM.Logic.csproj", "{E1E404D2-B489-4EC2-8CFC-3C39BE3FE90A}"
EndProject
Project("{FAE04EC0-301F-11D3-BF4B-00C04F79EFBC}") = "APEAM.Helpers", "APEAM.Helpers\APEAM.Helpers.csproj", "{0CA43A50-F986-4A25-A8F3-6B22647BD3BB}"
EndProject
Global
	GlobalSection(SolutionConfigurationPlatforms) = preSolution
		Debug|Any CPU = Debug|Any CPU
		Release|Any CPU = Release|Any CPU
	EndGlobalSection
	GlobalSection(ProjectConfigurationPlatforms) = postSolution
		{2458BAC4-270A-4253-B901-F6CE9F8D7F5E}.Debug|Any CPU.ActiveCfg = Debug|Any CPU
		{2458BAC4-270A-4253-B901-F6CE9F8D7F5E}.Debug|Any CPU.Build.0 = Debug|Any CPU
		{2458BAC4-270A-4253-B901-F6CE9F8D7F5E}.Release|Any CPU.ActiveCfg = Release|Any CPU
		{2458BAC4-270A-4253-B901-F6CE9F8D7F5E}.Release|Any CPU.Build.0 = Release|Any CPU
		{1DF95E9B-A61C-4FD8-A6CA-4587925CA62D}.Debug|Any CPU.ActiveCfg = Debug|Any CPU
		{1DF95E9B-A61C-4FD8-A6CA-4587925CA62D}.Debug|Any CPU.Build.0 = Debug|Any CPU
		{1DF95E9B-A61C-4FD8-A6CA-4587925CA62D}.Release|Any CPU.ActiveCfg = Release|Any CPU
		{1DF95E9B-A61C-4FD8-A6CA-4587925CA62D}.Release|Any CPU.Build.0 = Release|Any CPU
		{AF337072-6DF1-44CD-B4C5-96E85317D229}.Debug|Any CPU.ActiveCfg = Debug|Any CPU
		{AF337072-6DF1-44CD-B4C5-96E85317D229}.Debug|Any CPU.Build.0 = Debug|Any CPU
		{AF337072-6DF1-44CD-B4C5-96E85317D229}.Release|Any CPU.ActiveCfg = Release|Any CPU
		{AF337072-6DF1-44CD-B4C5-96E85317D229}.Release|Any CPU.Build.0 = Release|Any CPU
		{E1E404D2-B489-4EC2-8CFC-3C39BE3FE90A}.Debug|Any CPU.ActiveCfg = Debug|Any CPU
		{E1E404D2-B489-4EC2-8CFC-3C39BE3FE90A}.Debug|Any CPU.Build.0 = Debug|Any CPU
		{E1E404D2-B489-4EC2-8CFC-3C39BE3FE90A}.Release|Any CPU.ActiveCfg = Release|Any CPU
		{E1E404D2-B489-4EC2-8CFC-3C39BE3FE90A}.Release|Any CPU.Build.0 = Release|Any CPU
		{0CA43A50-F986-4A25-A8F3-6B22647BD3BB}.Debug|Any CPU.ActiveCfg = Debug|Any CPU
		{0CA43A50-F986-4A25-A8F3-6B22647BD3BB}.Debug|Any CPU.Build.0 = Debug|Any CPU
		{0CA43A50-F986-4A25-A8F3-6B22647BD3BB}.Release|Any CPU.ActiveCfg = Release|Any CPU
		{0CA43A50-F986-4A25-A8F3-6B22647BD3BB}.Release|Any CPU.Build.0 = Release|Any CPU
	EndGlobalSection
	GlobalSection(SolutionProperties) = preSolution
		HideSolutionNode = FALSE
	EndGlobalSection
	GlobalSection(ExtensibilityGlobals) = postSolution
		SolutionGuid = {5583C3FF-C5A8-4765-873D-848E3615F683}
	EndGlobalSection
EndGlobal
